{
  "requires": true,
  "lockfileVersion": 1,
  "dependencies": {
    "adler-32": {
      "version": "1.2.0",
      "resolved": "https://registry.npmjs.org/adler-32/-/adler-32-1.2.0.tgz",
      "integrity": "sha1-aj5r8KY5ALoVZSgIyxXGgT0aXyU=",
      "dev": true
    },
    "browser-sync": {
      "version": "2.24.5",
      "resolved": "https://registry.npmjs.org/browser-sync/-/browser-sync-2.24.5.tgz",
      "integrity": "sha512-r6ZRYncfYRGerw4Rh5S8Q9x9WKDdrwH572hd3ofsYgn0Px6a6EqXiLBVTCss2+2a45G9ZgjRHSeo9YY56UpgKw==",
      "dev": true,
      "dependencies": {
        "camelcase": {
          "version": "3.0.0",
          "resolved": "https://registry.npmjs.org/camelcase/-/camelcase-3.0.0.tgz",
          "integrity": "sha1-MvxLn82vhF/N9+c7uXysImHwqwo="
        },
        "qs": {
          "version": "6.2.3",
          "resolved": "https://registry.npmjs.org/qs/-/qs-6.2.3.tgz",
          "integrity": "sha1-HPyyXBCpsrSDBT/zn138kjOQjP4="
        },
        "yargs": {
          "version": "6.4.0",
          "resolved": "https://registry.npmjs.org/yargs/-/yargs-6.4.0.tgz",
          "integrity": "sha1-gW4ahm1VmMzzTlWW3c4i2S2kkNQ="
        },
        "yargs-parser": {
          "version": "4.2.1",
          "resolved": "https://registry.npmjs.org/yargs-parser/-/yargs-parser-4.2.1.tgz",
          "integrity": "sha1-KczqwNxPA8bIe0qfIX3RjJ90hxw="
        }
      }
    },
    "chalk": {
      "version": "1.1.3",
      "resolved": "https://registry.npmjs.org/chalk/-/chalk-1.1.3.tgz",
      "integrity": "sha1-qBFcVeSnAv5NFQq9OHKCKn4J/Jg=",
      "dev": true
    },
    "crc-32": {
      "version": "1.2.0",
      "resolved": "https://registry.npmjs.org/crc-32/-/crc-32-1.2.0.tgz",
      "integrity": "sha512-1uBwHxF+Y/4yF5G48fwnKq6QsIXheor3ZLPT80yGBV1oEUwpPojlEhQbWKVw1VwcTQyMGHK1/XMmTjmlsmTTGA==",
      "dev": true
    },
    "d3": {
      "version": "4.13.0",
      "resolved": "https://registry.npmjs.org/d3/-/d3-4.13.0.tgz",
      "integrity": "sha512-l8c4+0SldjVKLaE2WG++EQlqD7mh/dmQjvi2L2lKPadAVC+TbJC4ci7Uk9bRi+To0+ansgsS0iWfPjD7DBy+FQ=="
    },
    "del": {
      "version": "2.2.2",
      "resolved": "https://registry.npmjs.org/del/-/del-2.2.2.tgz",
      "integrity": "sha1-wSyYHQZ4RshLyvhiz/kw2Qf/0ag=",
      "dev": true
    },
    "dotenv": {
      "version": "4.0.0",
      "resolved": "https://registry.npmjs.org/dotenv/-/dotenv-4.0.0.tgz",
      "integrity": "sha1-hk7xN5rO1Vzm+V3r7NzhefegzR0="
    },
    "exit-on-epipe": {
      "version": "1.0.1",
      "resolved": "https://registry.npmjs.org/exit-on-epipe/-/exit-on-epipe-1.0.1.tgz",
      "integrity": "sha512-h2z5mrROTxce56S+pnvAV890uu7ls7f1kEvVGJbw1OlFH3/mlJ5bkXu0KRyW94v37zzHPiUd55iLn3DA7TjWpw==",
      "dev": true
    },
    "fflate": {
      "version": "0.3.11",
      "resolved": "https://registry.npmjs.org/fflate/-/fflate-0.3.11.tgz",
      "integrity": "sha512-Rr5QlUeGN1mbOHlaqcSYMKVpPbgLy0AWT/W0EHxA6NGI12yO1jpoui2zBBvU2G824ltM6Ut8BFgfHSBGfkmS0A==",
      "dev": true
    },
    "googleapis": {
      "version": "16.1.0",
      "resolved": "https://registry.npmjs.org/googleapis/-/googleapis-16.1.0.tgz",
      "integrity": "sha1-Dxny1wVy2RiIGg9ibjsaL6hilXY=",
      "dev": true,
      "dependencies": {
        "async": {
          "version": "2.1.5",
          "resolved": "https://registry.npmjs.org/async/-/async-2.1.5.tgz",
          "integrity": "sha1-5YfGhYCZSsZ/xW/4bTrFa9voELw="
        }
      }
    },
    "gulp": {
      "version": "3.9.1",
      "resolved": "https://registry.npmjs.org/gulp/-/gulp-3.9.1.tgz",
      "integrity": "sha1-VxzkWSjdQK9lFPxAEYZgFsE4RbQ=",
      "dev": true,
      "dependencies": {
        "semver": {
          "version": "4.3.6",
          "resolved": "https://registry.npmjs.org/semver/-/semver-4.3.6.tgz",
          "integrity": "sha1-MAvG4OhjdPe6YQaLWx7NV/xlMto="
        }
      }
    },
    "gulp-autoprefixer": {
      "version": "3.1.1",
      "resolved": "https://registry.npmjs.org/gulp-autoprefixer/-/gulp-autoprefixer-3.1.1.tgz",
      "integrity": "sha1-dSMAUc0NFxND14O36bXREg7u+bA=",
      "dev": true
    },
    "gulp-cache": {
      "version": "0.4.6",
      "resolved": "https://registry.npmjs.org/gulp-cache/-/gulp-cache-0.4.6.tgz",
      "integrity": "sha1-LQO1LbT2pVOuHVvvAeSD6Qfp95Y=",
      "dev": true,
      "dependencies": {
        "vinyl": {
          "version": "1.2.0",
          "resolved": "https://registry.npmjs.org/vinyl/-/vinyl-1.2.0.tgz",
          "integrity": "sha1-XIgDbPVl5d8FVYv8kR+GVt8hiIQ="
        }
      }
    },
    "gulp-csso": {
      "version": "2.0.0",
      "resolved": "https://registry.npmjs.org/gulp-csso/-/gulp-csso-2.0.0.tgz",
      "integrity": "sha1-Mje8lJc2zWcEySnKOVLOBxAh7YQ=",
      "dev": true
    },
    "gulp-gzip": {
      "version": "1.4.2",
      "resolved": "https://registry.npmjs.org/gulp-gzip/-/gulp-gzip-1.4.2.tgz",
      "integrity": "sha512-ZIxfkUwk2XmZPTT9pPHrHUQlZMyp9nPhg2sfoeN27mBGpi7OaHnOD+WCN41NXjfJQ69lV1nQ9LLm1hYxx4h3UQ==",
      "dev": true
    },
    "gulp-if": {
      "version": "2.0.2",
      "resolved": "https://registry.npmjs.org/gulp-if/-/gulp-if-2.0.2.tgz",
      "integrity": "sha1-pJe351cwBQQcqivIt92jyARE1ik=",
      "dev": true
    },
    "gulp-imagemin": {
      "version": "3.4.0",
      "resolved": "https://registry.npmjs.org/gulp-imagemin/-/gulp-imagemin-3.4.0.tgz",
      "integrity": "sha1-I6jUxRM/UKKnCKyofKSy1ut8RAM=",
      "dev": true,
      "dependencies": {
        "ansi-styles": {
          "version": "3.2.1",
          "resolved": "https://registry.npmjs.org/ansi-styles/-/ansi-styles-3.2.1.tgz",
          "integrity": "sha512-VT0ZI6kZRdTh8YyJw3SMbYm/u+NqfsAxEpWO0Pf9sq8/e94WxxOpPKx9FR1FlyCtOVDNOQ+8ntlqFxiRc+r5qA=="
        },
        "chalk": {
          "version": "2.4.1",
          "resolved": "https://registry.npmjs.org/chalk/-/chalk-2.4.1.tgz",
          "integrity": "sha512-ObN6h1v2fTJSmUXoS3nMQ92LbDK9be4TV+6G+omQlGJFdcUX5heKi1LZ1YnRMIgwTLEj3E24bT6tYni50rlCfQ=="
        },
        "has-flag": {
          "version": "3.0.0",
          "resolved": "https://registry.npmjs.org/has-flag/-/has-flag-3.0.0.tgz",
          "integrity": "sha1-tdRU3CGZriJWmfNGfloH87lVuv0="
        },
        "supports-color": {
          "version": "5.4.0",
          "resolved": "https://registry.npmjs.org/supports-color/-/supports-color-5.4.0.tgz",
          "integrity": "sha512-zjaXglF5nnWpsq470jSv6P9DwPvgLkuapYmfDm3JWOm0vkNTVF2tI4UrN2r6jH1qM/uc/WtxYY1hYoA2dOKj5w=="
        }
      }
    },
    "gulp-jshint": {
      "version": "2.1.0",
      "resolved": "https://registry.npmjs.org/gulp-jshint/-/gulp-jshint-2.1.0.tgz",
      "integrity": "sha512-sP3NK8Y/1e58O0PH9t6s7DAr/lKDSUbIY207oWSeufM6/VclB7jJrIBcPCsyhrFTCDUl9DauePbt6VqP2vPM5w==",
      "dev": true,
      "dependencies": {
        "arr-diff": {
          "version": "1.1.0",
          "resolved": "https://registry.npmjs.org/arr-diff/-/arr-diff-1.1.0.tgz",
          "integrity": "sha1-aHwydYFjWI/vfeezb6vklesaOZo="
        },
        "arr-union": {
          "version": "2.1.0",
          "resolved": "https://registry.npmjs.org/arr-union/-/arr-union-2.1.0.tgz",
          "integrity": "sha1-IPnqtexw9cfSFbEHexw5Fh0pLH0="
        },
        "array-slice": {
          "version": "0.2.3",
          "resolved": "https://registry.npmjs.org/array-slice/-/array-slice-0.2.3.tgz",
          "integrity": "sha1-3Tz7gO15c6dRF82sabC5nshhhvU="
        },
        "extend-shallow": {
          "version": "1.1.4",
          "resolved": "https://registry.npmjs.org/extend-shallow/-/extend-shallow-1.1.4.tgz",
          "integrity": "sha1-Gda/lN/AnXa6cR85uHLSH/TdkHE="
        },
        "kind-of": {
          "version": "1.1.0",
          "resolved": "https://registry.npmjs.org/kind-of/-/kind-of-1.1.0.tgz",
          "integrity": "sha1-FAo9LUGjbS78+pN3tiwk+ElaXEQ="
        },
        "plugin-error": {
          "version": "0.1.2",
          "resolved": "https://registry.npmjs.org/plugin-error/-/plugin-error-0.1.2.tgz",
          "integrity": "sha1-O5uzM1zPAPQl4HQ34ZJ2ln2kes4="
        }
      }
    },
    "gulp-load-plugins": {
      "version": "1.5.0",
      "resolved": "https://registry.npmjs.org/gulp-load-plugins/-/gulp-load-plugins-1.5.0.tgz",
      "integrity": "sha1-TEGffldk2aDjMGG6uWGPgbc9QXE=",
      "dev": true,
      "dependencies": {
        "detect-file": {
          "version": "0.1.0",
          "resolved": "https://registry.npmjs.org/detect-file/-/detect-file-0.1.0.tgz",
          "integrity": "sha1-STXe39lIhkjgBrASlWbpOGcR6mM="
        },
        "expand-tilde": {
          "version": "1.2.2",
          "resolved": "https://registry.npmjs.org/expand-tilde/-/expand-tilde-1.2.2.tgz",
          "integrity": "sha1-C4HrqJflo9MdHD0QL48BRB5VlEk="
        },
        "findup-sync": {
          "version": "0.4.3",
          "resolved": "https://registry.npmjs.org/findup-sync/-/findup-sync-0.4.3.tgz",
          "integrity": "sha1-QAQ5Kee8YK3wt/SCfExudaDeyhI="
        },
        "global-modules": {
          "version": "0.2.3",
          "resolved": "https://registry.npmjs.org/global-modules/-/global-modules-0.2.3.tgz",
          "integrity": "sha1-6lo77ULG1s6ZWk+KEmm12uIjgo0="
        },
        "global-prefix": {
          "version": "0.1.5",
          "resolved": "https://registry.npmjs.org/global-prefix/-/global-prefix-0.1.5.tgz",
          "integrity": "sha1-jTvGuNo8qBEqFg2NSW/wRiv+948="
        },
        "is-windows": {
          "version": "0.2.0",
          "resolved": "https://registry.npmjs.org/is-windows/-/is-windows-0.2.0.tgz",
          "integrity": "sha1-3hqm1j6indJIc3tp8f+LgALSEIw="
        },
        "resolve-dir": {
          "version": "0.1.1",
          "resolved": "https://registry.npmjs.org/resolve-dir/-/resolve-dir-0.1.1.tgz",
          "integrity": "sha1-shklmlYC+sXFxJatiUpujMQwJh4="
        }
      }
    },
    "gulp-rev": {
      "version": "7.1.2",
      "resolved": "https://registry.npmjs.org/gulp-rev/-/gulp-rev-7.1.2.tgz",
      "integrity": "sha1-XhfMIp9rRcdCVviK0/LT6aMwWCk=",
      "dev": true
    },
    "gulp-rev-replace": {
      "version": "0.4.4",
      "resolved": "https://registry.npmjs.org/gulp-rev-replace/-/gulp-rev-replace-0.4.4.tgz",
      "integrity": "sha512-2yiDel/TGamn/HgHyo8H1rYEEL2zLsOYODerItoX8batOo0gPAe7uX7t6NlaqB7FEHpS5tGzUr5CKUEmrgdHyQ==",
      "dev": true,
      "dependencies": {
        "arr-diff": {
          "version": "1.1.0",
          "resolved": "https://registry.npmjs.org/arr-diff/-/arr-diff-1.1.0.tgz",
          "integrity": "sha1-aHwydYFjWI/vfeezb6vklesaOZo="
        },
        "arr-union": {
          "version": "2.1.0",
          "resolved": "https://registry.npmjs.org/arr-union/-/arr-union-2.1.0.tgz",
          "integrity": "sha1-IPnqtexw9cfSFbEHexw5Fh0pLH0="
        },
        "array-slice": {
          "version": "0.2.3",
          "resolved": "https://registry.npmjs.org/array-slice/-/array-slice-0.2.3.tgz",
          "integrity": "sha1-3Tz7gO15c6dRF82sabC5nshhhvU="
        },
        "extend-shallow": {
          "version": "1.1.4",
          "resolved": "https://registry.npmjs.org/extend-shallow/-/extend-shallow-1.1.4.tgz",
          "integrity": "sha1-Gda/lN/AnXa6cR85uHLSH/TdkHE="
        },
        "kind-of": {
          "version": "1.1.0",
          "resolved": "https://registry.npmjs.org/kind-of/-/kind-of-1.1.0.tgz",
          "integrity": "sha1-FAo9LUGjbS78+pN3tiwk+ElaXEQ="
        },
        "plugin-error": {
          "version": "0.1.2",
          "resolved": "https://registry.npmjs.org/plugin-error/-/plugin-error-0.1.2.tgz",
          "integrity": "sha1-O5uzM1zPAPQl4HQ34ZJ2ln2kes4="
        }
      }
    },
    "gulp-sass": {
      "version": "3.2.1",
      "resolved": "https://registry.npmjs.org/gulp-sass/-/gulp-sass-3.2.1.tgz",
      "integrity": "sha512-UATbRpSDsyXCnpYSPBUEvdvtSEzksJs7/oQ0CujIpzKqKrO6vlnYwhX2UTsGrf4rNLwqlSSaM271It0uHYvJ3Q==",
      "dev": true
    },
    "gulp-size": {
      "version": "2.1.0",
      "resolved": "https://registry.npmjs.org/gulp-size/-/gulp-size-2.1.0.tgz",
      "integrity": "sha1-HCtk8X+QcdWr2Z0VS3s0gfj7oSg=",
      "dev": true,
      "dependencies": {
        "pretty-bytes": {
          "version": "3.0.1",
          "resolved": "https://registry.npmjs.org/pretty-bytes/-/pretty-bytes-3.0.1.tgz",
          "integrity": "sha1-J9AAjXeAY6C0gRuzXHnxvV1fvM8="
        }
      }
    },
    "gulp-sourcemaps": {
      "version": "2.6.4",
      "resolved": "https://registry.npmjs.org/gulp-sourcemaps/-/gulp-sourcemaps-2.6.4.tgz",
      "integrity": "sha1-y7IAhFCxvM5s0jv5gze+dRv24wo=",
      "dev": true,
      "dependencies": {
        "source-map": {
          "version": "0.6.1",
          "resolved": "https://registry.npmjs.org/source-map/-/source-map-0.6.1.tgz",
          "integrity": "sha512-UjgapumWlbMhkBgzT7Ykc5YXUT46F0iKu8SGXq0bcwP5dz/h0Plj6enJqjz1Zbq2l5WaqYnrVbwWOWMyF3F47g=="
        }
      }
    },
    "gulp-uglify": {
      "version": "2.1.2",
      "resolved": "https://registry.npmjs.org/gulp-uglify/-/gulp-uglify-2.1.2.tgz",
      "integrity": "sha1-bbhbHQ7mPRgFhZK2WGSdZcLsRUE=",
      "dev": true
    },
    "gulp-useref": {
      "version": "1.3.0",
      "resolved": "https://registry.npmjs.org/gulp-useref/-/gulp-useref-1.3.0.tgz",
      "integrity": "sha1-s/RpLxVrVCEApFfhrBzsT2znYP4=",
      "dev": true,
      "dependencies": {
        "clone": {
          "version": "0.2.0",
          "resolved": "https://registry.npmjs.org/clone/-/clone-0.2.0.tgz",
          "integrity": "sha1-xhJqkK1Pctv1rNskPMN3JP6T/B8="
        },
        "gaze": {
          "version": "0.5.2",
          "resolved": "https://registry.npmjs.org/gaze/-/gaze-0.5.2.tgz",
          "integrity": "sha1-QLcJU30k0dRXZ9takIaJ3+aaxE8="
        },
        "glob": {
          "version": "4.5.3",
          "resolved": "https://registry.npmjs.org/glob/-/glob-4.5.3.tgz",
          "integrity": "sha1-xstz0yJsHv7wTePFbQEvAzd+4V8=",
          "dependencies": {
            "minimatch": {
              "version": "2.0.10",
              "resolved": "https://registry.npmjs.org/minimatch/-/minimatch-2.0.10.tgz",
              "integrity": "sha1-jQh8OcazjAAbl/ynzm0OHoCvusc="
            }
          }
        },
        "glob-stream": {
          "version": "4.1.1",
          "resolved": "https://registry.npmjs.org/glob-stream/-/glob-stream-4.1.1.tgz",
          "integrity": "sha1-uELfENaIx+trz869hG84UilrMgA=",
          "dependencies": {
            "minimatch": {
              "version": "2.0.10",
              "resolved": "https://registry.npmjs.org/minimatch/-/minimatch-2.0.10.tgz",
              "integrity": "sha1-jQh8OcazjAAbl/ynzm0OHoCvusc="
            }
          }
        },
        "glob-watcher": {
          "version": "0.0.8",
          "resolved": "https://registry.npmjs.org/glob-watcher/-/glob-watcher-0.0.8.tgz",
          "integrity": "sha1-aK62Yefizo02NDgbLsQV8AxrwqQ="
        },
        "globule": {
          "version": "0.1.0",
          "resolved": "https://registry.npmjs.org/globule/-/globule-0.1.0.tgz",
          "integrity": "sha1-2cjt3h2nnRJaFRt5UzuXhnY0auU=",
          "dependencies": {
            "glob": {
              "version": "3.1.21",
              "resolved": "https://registry.npmjs.org/glob/-/glob-3.1.21.tgz",
              "integrity": "sha1-0p4KBV3qUTj00H7UDomC6DwgZs0="
            },
            "graceful-fs": {
              "version": "1.2.3",
              "resolved": "https://registry.npmjs.org/graceful-fs/-/graceful-fs-1.2.3.tgz",
              "integrity": "sha1-FaSAaldUfLLS2/J/QuiajDRRs2Q="
            },
            "inherits": {
              "version": "1.0.2",
              "resolved": "https://registry.npmjs.org/inherits/-/inherits-1.0.2.tgz",
              "integrity": "sha1-ykMJ2t7mtUzAuNJH6NfHoJdb3Js="
            },
            "lodash": {
              "version": "1.0.2",
              "resolved": "https://registry.npmjs.org/lodash/-/lodash-1.0.2.tgz",
              "integrity": "sha1-j1dWDIO1n8JwvT1WG2kAQ0MOJVE="
            },
            "minimatch": {
              "version": "0.2.14",
              "resolved": "https://registry.npmjs.org/minimatch/-/minimatch-0.2.14.tgz",
              "integrity": "sha1-x054BXT2PG+aCQ6Q775u9TpqdWo="
            }
          }
        },
        "graceful-fs": {
          "version": "3.0.11",
          "resolved": "https://registry.npmjs.org/graceful-fs/-/graceful-fs-3.0.11.tgz",
          "integrity": "sha1-dhPHeKGv6mLyXGMKCG1/Osu92Bg="
        },
        "gulp-if": {
          "version": "1.2.5",
          "resolved": "https://registry.npmjs.org/gulp-if/-/gulp-if-1.2.5.tgz",
          "integrity": "sha1-m9nBYDLswo4BVL+wWCjSMxZvLak="
        },
        "gulp-match": {
          "version": "0.2.1",
          "resolved": "https://registry.npmjs.org/gulp-match/-/gulp-match-0.2.1.tgz",
          "integrity": "sha1-C+0I2ovW6JaG+J/7AEM3+LrQbSI="
        },
        "isarray": {
          "version": "0.0.1",
          "resolved": "https://registry.npmjs.org/isarray/-/isarray-0.0.1.tgz",
          "integrity": "sha1-ihis/Kmo9Bd+Cav8YDiTmwXR7t8="
        },
        "lodash": {
          "version": "3.10.1",
          "resolved": "https://registry.npmjs.org/lodash/-/lodash-3.10.1.tgz",
          "integrity": "sha1-W/Rejkm6QYnhfUgnid/RW9FAt7Y="
        },
        "lru-cache": {
          "version": "2.7.3",
          "resolved": "https://registry.npmjs.org/lru-cache/-/lru-cache-2.7.3.tgz",
          "integrity": "sha1-bUUk6LlV+V1PW1iFHOId1y+06VI="
        },
        "merge-stream": {
          "version": "0.1.8",
          "resolved": "https://registry.npmjs.org/merge-stream/-/merge-stream-0.1.8.tgz",
          "integrity": "sha1-SKB7O0oSHXSj7b/c20sIrb8CQLE="
        },
        "minimatch": {
          "version": "1.0.0",
          "resolved": "https://registry.npmjs.org/minimatch/-/minimatch-1.0.0.tgz",
          "integrity": "sha1-4N0hILSeG3JM6NcUxSCCKpQ4V20="
        },
        "object-assign": {
          "version": "2.1.1",
          "resolved": "https://registry.npmjs.org/object-assign/-/object-assign-2.1.1.tgz",
          "integrity": "sha1-Q8NuXVaf+OSBbE76i+AtJpZ8GKo="
        },
        "readable-stream": {
          "version": "1.0.34",
          "resolved": "https://registry.npmjs.org/readable-stream/-/readable-stream-1.0.34.tgz",
          "integrity": "sha1-Elgg40vIQtLyqq+v5MKRbuMsFXw="
        },
        "string_decoder": {
          "version": "0.10.31",
          "resolved": "https://registry.npmjs.org/string_decoder/-/string_decoder-0.10.31.tgz",
          "integrity": "sha1-YuIDvEF2bGwoyfyEMB2rHFMQ+pQ="
        },
        "strip-bom": {
          "version": "1.0.0",
          "resolved": "https://registry.npmjs.org/strip-bom/-/strip-bom-1.0.0.tgz",
          "integrity": "sha1-hbiGLzhEtabV7IRnqTWYFzo295Q="
        },
        "ternary-stream": {
          "version": "1.2.3",
          "resolved": "https://registry.npmjs.org/ternary-stream/-/ternary-stream-1.2.3.tgz",
          "integrity": "sha1-8Zafg4R/lkImG8FC4X7iAKrag/0="
        },
        "through2": {
          "version": "0.6.5",
          "resolved": "https://registry.npmjs.org/through2/-/through2-0.6.5.tgz",
          "integrity": "sha1-QaucZ7KdVyCQcUEOHXp6lozTrUg="
        },
        "unique-stream": {
          "version": "2.2.1",
          "resolved": "https://registry.npmjs.org/unique-stream/-/unique-stream-2.2.1.tgz",
          "integrity": "sha1-WqADz76Uxf+GbE59ZouxxNuts2k="
        },
        "vinyl": {
          "version": "0.4.6",
          "resolved": "https://registry.npmjs.org/vinyl/-/vinyl-0.4.6.tgz",
          "integrity": "sha1-LzVsh6VQolVGHza76ypbqL94SEc="
        },
        "vinyl-fs": {
          "version": "1.0.0",
          "resolved": "https://registry.npmjs.org/vinyl-fs/-/vinyl-fs-1.0.0.tgz",
          "integrity": "sha1-0VdS5owtrXQ2Tn6FNHNzU1RpLt8="
        }
      }
    },
    "inquirer": {
      "version": "3.3.0",
      "resolved": "https://registry.npmjs.org/inquirer/-/inquirer-3.3.0.tgz",
      "integrity": "sha512-h+xtnyk4EwKvFWHrUYsWErEVR+igKtLdchu+o0Z1RL7VU/jVMFbYir2bp6bAj8efFNxWqHX0dIss6fJQ+/+qeQ==",
      "dev": true,
      "dependencies": {
        "ansi-regex": {
          "version": "3.0.0",
          "resolved": "https://registry.npmjs.org/ansi-regex/-/ansi-regex-3.0.0.tgz",
          "integrity": "sha1-7QMXwyIGT3lGbAKWa922Bas32Zg="
        },
        "ansi-styles": {
          "version": "3.2.1",
          "resolved": "https://registry.npmjs.org/ansi-styles/-/ansi-styles-3.2.1.tgz",
          "integrity": "sha512-VT0ZI6kZRdTh8YyJw3SMbYm/u+NqfsAxEpWO0Pf9sq8/e94WxxOpPKx9FR1FlyCtOVDNOQ+8ntlqFxiRc+r5qA=="
        },
        "chalk": {
          "version": "2.4.1",
          "resolved": "https://registry.npmjs.org/chalk/-/chalk-2.4.1.tgz",
          "integrity": "sha512-ObN6h1v2fTJSmUXoS3nMQ92LbDK9be4TV+6G+omQlGJFdcUX5heKi1LZ1YnRMIgwTLEj3E24bT6tYni50rlCfQ=="
        },
        "figures": {
          "version": "2.0.0",
          "resolved": "https://registry.npmjs.org/figures/-/figures-2.0.0.tgz",
          "integrity": "sha1-OrGi0qYsi/tDGgyUy3l6L84nyWI="
        },
        "has-flag": {
          "version": "3.0.0",
          "resolved": "https://registry.npmjs.org/has-flag/-/has-flag-3.0.0.tgz",
          "integrity": "sha1-tdRU3CGZriJWmfNGfloH87lVuv0="
        },
        "is-fullwidth-code-point": {
          "version": "2.0.0",
          "resolved": "https://registry.npmjs.org/is-fullwidth-code-point/-/is-fullwidth-code-point-2.0.0.tgz",
          "integrity": "sha1-o7MKXE8ZkYMWeqq5O+764937ZU8="
        },
        "string-width": {
          "version": "2.1.1",
          "resolved": "https://registry.npmjs.org/string-width/-/string-width-2.1.1.tgz",
          "integrity": "sha512-nOqH59deCq9SRHlxq1Aw85Jnt4w6KvLKqWVik6oA9ZklXLNIOlqg4F2yrT1MVaTjAqvVwdfeZ7w7aCvJD7ugkw=="
        },
        "strip-ansi": {
          "version": "4.0.0",
          "resolved": "https://registry.npmjs.org/strip-ansi/-/strip-ansi-4.0.0.tgz",
          "integrity": "sha1-qEeQIusaw2iocTibY1JixQXuNo8="
        },
        "supports-color": {
          "version": "5.4.0",
          "resolved": "https://registry.npmjs.org/supports-color/-/supports-color-5.4.0.tgz",
          "integrity": "sha512-zjaXglF5nnWpsq470jSv6P9DwPvgLkuapYmfDm3JWOm0vkNTVF2tI4UrN2r6jH1qM/uc/WtxYY1hYoA2dOKj5w=="
        }
      }
    },
    "jshint": {
      "version": "2.9.5",
      "resolved": "https://registry.npmjs.org/jshint/-/jshint-2.9.5.tgz",
      "integrity": "sha1-HnJSkVzmgbQIJ+4UJIxG006apiw=",
      "dev": true,
      "dependencies": {
        "lodash": {
          "version": "3.7.0",
          "resolved": "https://registry.npmjs.org/lodash/-/lodash-3.7.0.tgz",
          "integrity": "sha1-Nni9irmVBXwHreg27S7wh9qBHUU="
        },
        "strip-json-comments": {
          "version": "1.0.4",
          "resolved": "https://registry.npmjs.org/strip-json-comments/-/strip-json-comments-1.0.4.tgz",
          "integrity": "sha1-HhX7ysl9Pumb8tc7TGVrCCu6+5E="
        }
      }
    },
    "jshint-stylish": {
      "version": "2.2.1",
      "resolved": "https://registry.npmjs.org/jshint-stylish/-/jshint-stylish-2.2.1.tgz",
      "integrity": "sha1-JCCCosA1rgP9gQROBXDMQgjPbmE=",
      "dev": true
    },
    "marked": {
      "version": "0.3.19",
      "resolved": "https://registry.npmjs.org/marked/-/marked-0.3.19.tgz",
      "integrity": "sha512-ea2eGWOqNxPcXv8dyERdSr/6FmzvWwzjMxpfGB/sbMccXoct+xY+YukPD+QTUZwyvK7BZwcr4m21WBOW41pAkg==",
      "dev": true
    },
    "nconf": {
      "version": "0.8.5",
      "resolved": "https://registry.npmjs.org/nconf/-/nconf-0.8.5.tgz",
      "integrity": "sha1-8pQeFWGVL6kGu7MjKM+I1MY155Q=",
      "dev": true,
      "dependencies": {
        "window-size": {
          "version": "0.1.4",
          "resolved": "https://registry.npmjs.org/window-size/-/window-size-0.1.4.tgz",
          "integrity": "sha1-+OGqHuWlPsW/FR/6CXQqatdpeHY="
        },
        "yargs": {
          "version": "3.32.0",
          "resolved": "https://registry.npmjs.org/yargs/-/yargs-3.32.0.tgz",
          "integrity": "sha1-AwiOnr+edWtpdRYR0qXvWRSCyZU="
        }
      }
    },
    "newsapps-styles": {
      "version": "1.1.0",
      "resolved": "https://registry.npmjs.org/newsapps-styles/-/newsapps-styles-1.1.0.tgz",
      "integrity": "sha1-HhRWE3NTYdk2AG4dppZ+XR6m7TU="
    },
    "nunjucks": {
      "version": "3.1.3",
      "resolved": "https://registry.npmjs.org/nunjucks/-/nunjucks-3.1.3.tgz",
      "integrity": "sha512-UtlKKAzg9vdtvURdNy9DjGhiB7qYf2R7Ez+hsucOQG5gYJexSggXSSZ+9IpSDyKOlWu/4rMVPH2oVoANOSqNKA==",
      "dev": true,
      "dependencies": {
        "anymatch": {
          "version": "2.0.0",
          "resolved": "https://registry.npmjs.org/anymatch/-/anymatch-2.0.0.tgz",
          "integrity": "sha512-5teOsQWABXHHBFP9y3skS5P3d/WfWXpv3FUpy+LorMrNYaT9pI4oLMQX7jzQ2KklNpGpWHzdCXTDT2Y3XGlZBw=="
        },
        "arr-diff": {
          "version": "4.0.0",
          "resolved": "https://registry.npmjs.org/arr-diff/-/arr-diff-4.0.0.tgz",
          "integrity": "sha1-1kYQdP6/7HHn4VI1dhoyml3HxSA="
        },
        "array-unique": {
          "version": "0.3.2",
          "resolved": "https://registry.npmjs.org/array-unique/-/array-unique-0.3.2.tgz",
          "integrity": "sha1-qJS3XUvE9s1nnvMkSp/Y9Gri1Cg="
        },
        "braces": {
          "version": "2.3.2",
          "resolved": "https://registry.npmjs.org/braces/-/braces-2.3.2.tgz",
          "integrity": "sha512-aNdbnj9P8PjdXU4ybaWLK2IF3jc/EoDYbC7AazW6to3TRsfXxscC9UXOB5iDiEQrkyIbWp2SLQda4+QAa7nc3w==",
          "dependencies": {
            "extend-shallow": {
              "version": "2.0.1",
              "resolved": "https://registry.npmjs.org/extend-shallow/-/extend-shallow-2.0.1.tgz",
              "integrity": "sha1-Ua99YUrZqfYQ6huvu5idaxxWiQ8="
            }
          }
        },
        "chokidar": {
          "version": "2.0.4",
          "resolved": "https://registry.npmjs.org/chokidar/-/chokidar-2.0.4.tgz",
          "integrity": "sha512-z9n7yt9rOvIJrMhvDtDictKrkFHeihkNl6uWMmZlmL6tJtX9Cs+87oK+teBx+JIgzvbX3yZHT3eF8vpbDxHJXQ=="
        },
        "expand-brackets": {
          "version": "2.1.4",
          "resolved": "https://registry.npmjs.org/expand-brackets/-/expand-brackets-2.1.4.tgz",
          "integrity": "sha1-t3c14xXOMPa27/D4OwQVGiJEliI=",
          "dependencies": {
            "define-property": {
              "version": "0.2.5",
              "resolved": "https://registry.npmjs.org/define-property/-/define-property-0.2.5.tgz",
              "integrity": "sha1-w1se+RjsPJkPmlvFe+BKrOxcgRY="
            },
            "extend-shallow": {
              "version": "2.0.1",
              "resolved": "https://registry.npmjs.org/extend-shallow/-/extend-shallow-2.0.1.tgz",
              "integrity": "sha1-Ua99YUrZqfYQ6huvu5idaxxWiQ8="
            },
            "is-accessor-descriptor": {
              "version": "0.1.6",
              "resolved": "https://registry.npmjs.org/is-accessor-descriptor/-/is-accessor-descriptor-0.1.6.tgz",
              "integrity": "sha1-qeEss66Nh2cn7u84Q/igiXtcmNY=",
              "dependencies": {
                "kind-of": {
                  "version": "3.2.2",
                  "resolved": "https://registry.npmjs.org/kind-of/-/kind-of-3.2.2.tgz",
                  "integrity": "sha1-MeohpzS6ubuw8yRm2JOupR5KPGQ="
                }
              }
            },
            "is-data-descriptor": {
              "version": "0.1.4",
              "resolved": "https://registry.npmjs.org/is-data-descriptor/-/is-data-descriptor-0.1.4.tgz",
              "integrity": "sha1-C17mSDiOLIYCgueT8YVv7D8wG1Y=",
              "dependencies": {
                "kind-of": {
                  "version": "3.2.2",
                  "resolved": "https://registry.npmjs.org/kind-of/-/kind-of-3.2.2.tgz",
                  "integrity": "sha1-MeohpzS6ubuw8yRm2JOupR5KPGQ="
                }
              }
            },
            "is-descriptor": {
              "version": "0.1.6",
              "resolved": "https://registry.npmjs.org/is-descriptor/-/is-descriptor-0.1.6.tgz",
              "integrity": "sha512-avDYr0SB3DwO9zsMov0gKCESFYqCnE4hq/4z3TdUlukEy5t9C0YRq7HLrsN52NAcqXKaepeCD0n+B0arnVG3Hg=="
            },
            "kind-of": {
              "version": "5.1.0",
              "resolved": "https://registry.npmjs.org/kind-of/-/kind-of-5.1.0.tgz",
              "integrity": "sha512-NGEErnH6F2vUuXDh+OlbcKW7/wOcfdRHaZ7VWtqCztfHri/++YKmP51OdWeGPuqCOba6kk2OTe5d02VmTB80Pw=="
            }
          }
        },
        "extglob": {
          "version": "2.0.4",
          "resolved": "https://registry.npmjs.org/extglob/-/extglob-2.0.4.tgz",
          "integrity": "sha512-Nmb6QXkELsuBr24CJSkilo6UHHgbekK5UiZgfE6UHD3Eb27YC6oD+bhcT+tJ6cl8dmsgdQxnWlcry8ksBIBLpw==",
          "dependencies": {
            "define-property": {
              "version": "1.0.0",
              "resolved": "https://registry.npmjs.org/define-property/-/define-property-1.0.0.tgz",
              "integrity": "sha1-dp66rz9KY6rTr56NMEybvnm/sOY="
            },
            "extend-shallow": {
              "version": "2.0.1",
              "resolved": "https://registry.npmjs.org/extend-shallow/-/extend-shallow-2.0.1.tgz",
              "integrity": "sha1-Ua99YUrZqfYQ6huvu5idaxxWiQ8="
            }
          }
        },
        "fill-range": {
          "version": "4.0.0",
          "resolved": "https://registry.npmjs.org/fill-range/-/fill-range-4.0.0.tgz",
          "integrity": "sha1-1USBHUKPmOsGpj3EAtJAPDKMOPc=",
          "dependencies": {
            "extend-shallow": {
              "version": "2.0.1",
              "resolved": "https://registry.npmjs.org/extend-shallow/-/extend-shallow-2.0.1.tgz",
              "integrity": "sha1-Ua99YUrZqfYQ6huvu5idaxxWiQ8="
            }
          }
        },
        "glob-parent": {
          "version": "3.1.0",
          "resolved": "https://registry.npmjs.org/glob-parent/-/glob-parent-3.1.0.tgz",
          "integrity": "sha1-nmr2KZ2NO9K9QEMIMr0RPfkGxa4=",
          "dependencies": {
            "is-glob": {
              "version": "3.1.0",
              "resolved": "https://registry.npmjs.org/is-glob/-/is-glob-3.1.0.tgz",
              "integrity": "sha1-e6WuJCF4BKxwcHuWkiVnSGzD6Eo="
            }
          }
        },
        "is-accessor-descriptor": {
          "version": "1.0.0",
          "resolved": "https://registry.npmjs.org/is-accessor-descriptor/-/is-accessor-descriptor-1.0.0.tgz",
          "integrity": "sha512-m5hnHTkcVsPfqx3AKlyttIPb7J+XykHvJP2B9bZDjlhLIoEq4XoK64Vg7boZlVWYK6LUY94dYPEE7Lh0ZkZKcQ=="
        },
        "is-data-descriptor": {
          "version": "1.0.0",
          "resolved": "https://registry.npmjs.org/is-data-descriptor/-/is-data-descriptor-1.0.0.tgz",
          "integrity": "sha512-jbRXy1FmtAoCjQkVmIVYwuuqDFUbaOeDjmed1tOGPrsMhtJA4rD9tkgA0F1qJ3gRFRXcHYVkdeaP50Q5rE/jLQ=="
        },
        "is-descriptor": {
          "version": "1.0.2",
          "resolved": "https://registry.npmjs.org/is-descriptor/-/is-descriptor-1.0.2.tgz",
          "integrity": "sha512-2eis5WqQGV7peooDyLmNEPUrps9+SXX5c9pL3xEB+4e9HnGuDa7mB7kHxHw4CbqS9k1T2hOH3miL8n8WtiYVtg=="
        },
        "is-extglob": {
          "version": "2.1.1",
          "resolved": "https://registry.npmjs.org/is-extglob/-/is-extglob-2.1.1.tgz",
          "integrity": "sha1-qIwCU1eR8C7TfHahueqXc8gz+MI="
        },
        "is-glob": {
          "version": "4.0.0",
          "resolved": "https://registry.npmjs.org/is-glob/-/is-glob-4.0.0.tgz",
          "integrity": "sha1-lSHHaEXMJhCoUgPd8ICpWML/q8A="
        },
        "is-number": {
          "version": "3.0.0",
          "resolved": "https://registry.npmjs.org/is-number/-/is-number-3.0.0.tgz",
          "integrity": "sha1-JP1iAaR4LPUFYcgQJ2r8fRLXEZU=",
          "dependencies": {
            "kind-of": {
              "version": "3.2.2",
              "resolved": "https://registry.npmjs.org/kind-of/-/kind-of-3.2.2.tgz",
              "integrity": "sha1-MeohpzS6ubuw8yRm2JOupR5KPGQ="
            }
          }
        },
        "isobject": {
          "version": "3.0.1",
          "resolved": "https://registry.npmjs.org/isobject/-/isobject-3.0.1.tgz",
          "integrity": "sha1-TkMekrEalzFjaqH5yNHMvP2reN8="
        },
        "kind-of": {
          "version": "6.0.2",
          "resolved": "https://registry.npmjs.org/kind-of/-/kind-of-6.0.2.tgz",
          "integrity": "sha512-s5kLOcnH0XqDO+FvuaLX8DDjZ18CGFk7VygH40QoKPUQhW4e2rvM0rwUq0t8IQDOwYSeLK01U90OjzBTme2QqA=="
        },
        "micromatch": {
          "version": "3.1.10",
          "resolved": "https://registry.npmjs.org/micromatch/-/micromatch-3.1.10.tgz",
          "integrity": "sha512-MWikgl9n9M3w+bpsY3He8L+w9eF9338xRl8IAO5viDizwSzziFEyUzo2xrrloB64ADbTf8uA8vRqqttDTOmccg=="
        },
        "window-size": {
          "version": "0.1.4",
          "resolved": "https://registry.npmjs.org/window-size/-/window-size-0.1.4.tgz",
          "integrity": "sha1-+OGqHuWlPsW/FR/6CXQqatdpeHY="
        },
        "yargs": {
          "version": "3.32.0",
          "resolved": "https://registry.npmjs.org/yargs/-/yargs-3.32.0.tgz",
          "integrity": "sha1-AwiOnr+edWtpdRYR0qXvWRSCyZU="
        }
      }
    },
    "open": {
      "version": "0.0.5",
      "resolved": "https://registry.npmjs.org/open/-/open-0.0.5.tgz",
      "integrity": "sha1-QsPhjslUZra/DcQvOilFw/DK2Pw=",
      "dev": true
    },
    "printj": {
      "version": "1.1.2",
      "resolved": "https://registry.npmjs.org/printj/-/printj-1.1.2.tgz",
      "integrity": "sha512-zA2SmoLaxZyArQTOPj5LXecR+RagfPSU5Kw1qP+jkWeNlrq+eJZyY2oS68SU1Z/7/myXM4lo9716laOFAVStCQ==",
      "dev": true
    },
    "pym.js": {
      "version": "1.3.2",
      "resolved": "https://registry.npmjs.org/pym.js/-/pym.js-1.3.2.tgz",
      "integrity": "sha512-/fFzHFB4BTsJQP5id0wzUdYsDT4VPkfAxk+uENBE9/aP6YbvhAEpcuJHdjxqisqfXOCrcz7duTK1fbtF2rz8RQ=="
    },
    "request-promise": {
      "version": "4.2.2",
      "resolved": "https://registry.npmjs.org/request-promise/-/request-promise-4.2.2.tgz",
      "integrity": "sha1-0epG1lSm7k+O5qT+oQGMIpEZBLQ="
    },
    "run-sequence": {
      "version": "1.2.2",
      "resolved": "https://registry.npmjs.org/run-sequence/-/run-sequence-1.2.2.tgz",
      "integrity": "sha1-UJWgvr6YczsBQL0I3YDsAw3azes=",
      "dev": true
    },
    "untildify": {
      "version": "3.0.3",
      "resolved": "https://registry.npmjs.org/untildify/-/untildify-3.0.3.tgz",
      "integrity": "sha512-iSk/J8efr8uPT/Z4eSUywnqyrQU7DSdMfdqK4iWEaUVVmcP5JcnpRqmVMwcwcnmI1ATFNgC5V90u09tBynNFKA==",
      "dev": true
    },
    "vinyl-map": {
      "version": "1.0.2",
      "resolved": "https://registry.npmjs.org/vinyl-map/-/vinyl-map-1.0.2.tgz",
      "integrity": "sha1-qLKWAl+XP6fK1igXlnpI8dF2v3w=",
      "dev": true,
      "dependencies": {
        "isarray": {
          "version": "0.0.1",
          "resolved": "https://registry.npmjs.org/isarray/-/isarray-0.0.1.tgz",
          "integrity": "sha1-ihis/Kmo9Bd+Cav8YDiTmwXR7t8="
        },
        "readable-stream": {
          "version": "1.0.34",
          "resolved": "https://registry.npmjs.org/readable-stream/-/readable-stream-1.0.34.tgz",
          "integrity": "sha1-Elgg40vIQtLyqq+v5MKRbuMsFXw="
        },
        "string_decoder": {
          "version": "0.10.31",
          "resolved": "https://registry.npmjs.org/string_decoder/-/string_decoder-0.10.31.tgz",
          "integrity": "sha1-YuIDvEF2bGwoyfyEMB2rHFMQ+pQ="
        },
        "through2": {
          "version": "0.4.2",
          "resolved": "https://registry.npmjs.org/through2/-/through2-0.4.2.tgz",
          "integrity": "sha1-2/WGYDEVHsg1K7bE22SiKSqEC5s="
        },
        "xtend": {
          "version": "2.1.2",
          "resolved": "https://registry.npmjs.org/xtend/-/xtend-2.1.2.tgz",
          "integrity": "sha1-bv7MKk2tjmlixJAbM3znuoe10os="
        }
      }
    },
    "wmf": {
      "version": "1.0.2",
      "resolved": "https://registry.npmjs.org/wmf/-/wmf-1.0.2.tgz",
      "integrity": "sha512-/p9K7bEh0Dj6WbXg4JG0xvLQmIadrner1bi45VMJTfnbVHsc7yIajZyoSoK60/dtVBs12Fm6WkUI5/3WAVsNMw==",
      "dev": true
    },
    "word": {
      "version": "0.3.0",
      "resolved": "https://registry.npmjs.org/word/-/word-0.3.0.tgz",
      "integrity": "sha512-OELeY0Q61OXpdUfTp+oweA/vtLVg5VDOXh+3he3PNzLGG/y0oylSOC1xRVj0+l4vQ3tj/bB1HVHv1ocXkQceFA==",
      "dev": true
    },
    "xlsx": {
      "version": "0.17.0",
      "resolved": "https://registry.npmjs.org/xlsx/-/xlsx-0.17.0.tgz",
      "integrity": "sha512-bZ36FSACiAyjoldey1+7it50PMlDp1pcAJrZKcVZHzKd8BC/z6TQ/QAN8onuqcepifqSznR6uKnjPhaGt6ig9A==",
      "dev": true,
      "requires": {
        "adler-32": "~1.2.0",
        "cfb": "^1.1.4",
        "codepage": "~1.14.0",
        "commander": "~2.17.1",
        "crc-32": "~1.2.0",
        "exit-on-epipe": "~1.0.1",
        "fflate": "^0.3.8",
        "ssf": "~0.11.2",
        "wmf": "~1.0.1",
        "word": "~0.3.0"
      },
      "dependencies": {
        "cfb": {
          "version": "1.2.0",
          "resolved": "https://registry.npmjs.org/cfb/-/cfb-1.2.0.tgz",
          "integrity": "sha512-sXMvHsKCICVR3Naq+J556K+ExBo9n50iKl6LGarlnvuA2035uMlGA/qVrc0wQtow5P1vJEw9UyrKLCbtIKz+TQ==",
          "dev": true,
          "requires": {
            "adler-32": "~1.2.0",
            "crc-32": "~1.2.0",
            "printj": "~1.1.2"
          }
        },
        "codepage": {
          "version": "1.14.0",
          "resolved": "https://registry.npmjs.org/codepage/-/codepage-1.14.0.tgz",
          "integrity": "sha1-jL4lSBMjVZ19MHVxsP/5HnodL5k=",
          "dev": true,
          "requires": {
            "commander": "~2.14.1",
            "exit-on-epipe": "~1.0.1"
          },
          "dependencies": {
            "commander": {
              "version": "2.14.1",
              "resolved": "https://registry.npmjs.org/commander/-/commander-2.14.1.tgz",
              "integrity": "sha512-+YR16o3rK53SmWHU3rEM3tPAh2rwb1yPcQX5irVn7mb0gXbwuCCrnkbV5+PBfETdfg1vui07nM6PCG1zndcjQw==",
              "dev": true
            }
          }
        },
        "commander": {
          "version": "2.17.1",
          "resolved": "https://registry.npmjs.org/commander/-/commander-2.17.1.tgz",
          "integrity": "sha512-wPMUt6FnH2yzG95SA6mzjQOEKUU3aLaDEmzs1ti+1E9h+CsrZghRlqEM/EJ4KscsQVG8uNN4uVreUeT8+drlgg==",
          "dev": true
        },
        "frac": {
          "version": "1.1.2",
          "resolved": "https://registry.npmjs.org/frac/-/frac-1.1.2.tgz",
          "integrity": "sha512-w/XBfkibaTl3YDqASwfDUqkna4Z2p9cFSr1aHDt0WoMTECnRfBOv2WArlZILlqgWlmdIlALXGpM2AOhEk5W3IA==",
          "dev": true
        },
        "ssf": {
          "version": "0.11.2",
          "resolved": "https://registry.npmjs.org/ssf/-/ssf-0.11.2.tgz",
          "integrity": "sha512-+idbmIXoYET47hH+d7dfm2epdOMUDjqcB4648sTZ+t2JwoyBFL/insLfB/racrDmsKB3diwsDA696pZMieAC5g==",
          "dev": true,
          "requires": {
            "frac": "~1.1.2"
          }
        }
      }
    }
  }
}
